
Microsoft Visual Studio Solution File, Format Version 12.00
# Visual Studio Version 17
VisualStudioVersion = 17.10.35013.160
MinimumVisualStudioVersion = 10.0.40219.1
Project("{FAE04EC0-301F-11D3-BF4B-00C04F79EFBC}") = "EFConsoleApp", "EFConsoleApp.csproj", "{F62BD847-5B86-4CAC-B98C-00DF09548194}"
EndProject
Global
	GlobalSection(SolutionConfigurationPlatforms) = preSolution
		Debug|Any CPU = Debug|Any CPU
		Release|Any CPU = Release|Any CPU
	EndGlobalSection
	GlobalSection(ProjectConfigurationPlatforms) = postSolution
		{F62BD847-5B86-4CAC-B98C-00DF09548194}.Debug|Any CPU.ActiveCfg = Debug|Any CPU
		{F62BD847-5B86-4CAC-B98C-00DF09548194}.Debug|Any CPU.Build.0 = Debug|Any CPU
		{F62BD847-5B86-4CAC-B98C-00DF09548194}.Release|Any CPU.ActiveCfg = Release|Any CPU
		{F62BD847-5B86-4CAC-B98C-00DF09548194}.Release|Any CPU.Build.0 = Release|Any CPU
	EndGlobalSection
	GlobalSection(SolutionProperties) = preSolution
		HideSolutionNode = FALSE
	EndGlobalSection
	GlobalSection(ExtensibilityGlobals) = postSolution
		SolutionGuid = {141E48D5-54D8-42C2-937A-AC489341A6C9}
	EndGlobalSection
EndGlobal
